<?xml version="1.0" encoding="utf-8"?>
<Project ToolsVersion="4.0" xmlns="http://schemas.microsoft.com/developer/msbuild/2003">
  <ItemGroup>
    <ClCompile Include="IntroGameState.cpp">
      <Filter>Source Files</Filter>
    </ClCompile>
    <ClCompile Include="LoadGameState.cpp">
      <Filter>Source Files</Filter>
    </ClCompile>
    <ClCompile Include="Main.cpp">
      <Filter>Source Files</Filter>
    </ClCompile>
    <ClCompile Include="MenuGameState.cpp">
      <Filter>Source Files</Filter>
    </ClCompile>
    <ClCompile Include="PlayGameState.cpp">
      <Filter>Source Files</Filter>
    </ClCompile>
    <ClCompile Include="PlayMenuGameState.cpp">
      <Filter>Source Files</Filter>
    </ClCompile>
    <ClCompile Include="TestGameManager.cpp">
      <Filter>Source Files</Filter>
    </ClCompile>
    <ClCompile Include="ResumeGameCommand.cpp">
      <Filter>Source Files</Filter>
    </ClCompile>
    <ClCompile Include="StartGameCommand.cpp">
      <Filter>Source Files</Filter>
    </ClCompile>
    <ClCompile Include="SaveGameCommand.cpp">
      <Filter>Source Files</Filter>
    </ClCompile>
    <ClCompile Include="LoadGameCommand.cpp">
      <Filter>Source Files</Filter>
    </ClCompile>
    <ClCompile Include="ShowIntroCommand.cpp">
      <Filter>Source Files</Filter>
    </ClCompile>
    <ClCompile Include="GameNodeBuilder.cpp">
      <Filter>Source Files</Filter>
    </ClCompile>
  </ItemGroup>
  <ItemGroup>
    <ClInclude Include="GameStats.h">
      <Filter>Header Files</Filter>
    </ClInclude>
    <ClInclude Include="IntroGameState.h">
      <Filter>Header Files</Filter>
    </ClInclude>
    <ClInclude Include="LoadGameState.h">
      <Filter>Header Files</Filter>
    </ClInclude>
    <ClInclude Include="MenuGameState.h">
      <Filter>Header Files</Filter>
    </ClInclude>
    <ClInclude Include="PlayGameState.h">
      <Filter>Header Files</Filter>
    </ClInclude>
    <ClInclude Include="PlayMenuGameState.h">
      <Filter>Header Files</Filter>
    </ClInclude>
    <ClInclude Include="TestGameManager.h">
      <Filter>Header Files</Filter>
    </ClInclude>
    <ClInclude Include="ResumeGameCommand.h">
      <Filter>Header Files</Filter>
    </ClInclude>
    <ClInclude Include="StartGameCommand.h">
      <Filter>Header Files</Filter>
    </ClInclude>
    <ClInclude Include="SaveGameCommand.h">
      <Filter>Header Files</Filter>
    </ClInclude>
    <ClInclude Include="LoadGameCommand.h">
      <Filter>Header Files</Filter>
    </ClInclude>
    <ClInclude Include="ShowIntroCommand.h">
      <Filter>Header Files</Filter>
    </ClInclude>
    <ClInclude Include="Def.h">
      <Filter>Header Files</Filter>
    </ClInclude>
    <ClInclude Include="GameNodeBuilder.h">
      <Filter>Header Files</Filter>
    </ClInclude>
  </ItemGroup>
  <ItemGroup>
    <Filter Include="Header Files">
      <UniqueIdentifier>{051e8852-e179-4ce2-9ef4-2105b893a022}</UniqueIdentifier>
      <Extensions>h;hh;hpp;hxx;hm;inl;inc;xsd</Extensions>
    </Filter>
    <Filter Include="Source Files">
      <UniqueIdentifier>{682ec0dc-e67f-49ce-9bd6-e77192a51d2f}</UniqueIdentifier>
      <Extensions>cpp;c;cc;cxx;def;odl;idl;hpj;bat;asm;asmx</Extensions>
    </Filter>
  </ItemGroup>
</Project>