
Microsoft Visual Studio Solution File, Format Version 11.00
# Visual Studio 2010
Project("{8BC9CEB8-8B4A-11D0-8D11-00A0C91BC942}") = "GameEngine", "GameEngine\GameEngine.vcxproj", "{C478356C-F557-4607-8CA3-490F7E52563D}"
EndProject
Project("{8BC9CEB8-8B4A-11D0-8D11-00A0C91BC942}") = "Math", "Math\Math.vcxproj", "{14463FDA-7554-41D8-98B4-A57611CED650}"
EndProject
Project("{8BC9CEB8-8B4A-11D0-8D11-00A0C91BC942}") = "Utility", "Utility\Utility.vcxproj", "{E6B0DAAC-2865-49FC-80BA-2DDF8F7EBD4F}"
EndProject
Project("{8BC9CEB8-8B4A-11D0-8D11-00A0C91BC942}") = "Rendering", "Rendering\Rendering.vcxproj", "{CD386150-ED93-47EB-B573-754DADF409BF}"
EndProject
Global
	GlobalSection(SolutionConfigurationPlatforms) = preSolution
		Debug|Win32 = Debug|Win32
		Release|Win32 = Release|Win32
	EndGlobalSection
	GlobalSection(ProjectConfigurationPlatforms) = postSolution
		{C478356C-F557-4607-8CA3-490F7E52563D}.Debug|Win32.ActiveCfg = Debug|Win32
		{C478356C-F557-4607-8CA3-490F7E52563D}.Debug|Win32.Build.0 = Debug|Win32
		{C478356C-F557-4607-8CA3-490F7E52563D}.Release|Win32.ActiveCfg = Release|Win32
		{C478356C-F557-4607-8CA3-490F7E52563D}.Release|Win32.Build.0 = Release|Win32
		{14463FDA-7554-41D8-98B4-A57611CED650}.Debug|Win32.ActiveCfg = Debug|Win32
		{14463FDA-7554-41D8-98B4-A57611CED650}.Debug|Win32.Build.0 = Debug|Win32
		{14463FDA-7554-41D8-98B4-A57611CED650}.Release|Win32.ActiveCfg = Release|Win32
		{14463FDA-7554-41D8-98B4-A57611CED650}.Release|Win32.Build.0 = Release|Win32
		{E6B0DAAC-2865-49FC-80BA-2DDF8F7EBD4F}.Debug|Win32.ActiveCfg = Debug|Win32
		{E6B0DAAC-2865-49FC-80BA-2DDF8F7EBD4F}.Debug|Win32.Build.0 = Debug|Win32
		{E6B0DAAC-2865-49FC-80BA-2DDF8F7EBD4F}.Release|Win32.ActiveCfg = Release|Win32
		{E6B0DAAC-2865-49FC-80BA-2DDF8F7EBD4F}.Release|Win32.Build.0 = Release|Win32
		{CD386150-ED93-47EB-B573-754DADF409BF}.Debug|Win32.ActiveCfg = Debug|Win32
		{CD386150-ED93-47EB-B573-754DADF409BF}.Debug|Win32.Build.0 = Debug|Win32
		{CD386150-ED93-47EB-B573-754DADF409BF}.Release|Win32.ActiveCfg = Release|Win32
		{CD386150-ED93-47EB-B573-754DADF409BF}.Release|Win32.Build.0 = Release|Win32
	EndGlobalSection
	GlobalSection(SolutionProperties) = preSolution
		HideSolutionNode = FALSE
	EndGlobalSection
EndGlobal
