<?xml version="1.0" encoding="utf-8"?>
<Project ToolsVersion="4.0" xmlns="http://schemas.microsoft.com/developer/msbuild/2003">
  <ItemGroup>
    <ClCompile Include="AntTweakBarTypes.cpp">
      <Filter>Source Files</Filter>
    </ClCompile>
    <ClCompile Include="BaseLight.cpp">
      <Filter>Source Files</Filter>
    </ClCompile>
    <ClCompile Include="Camera.cpp">
      <Filter>Source Files</Filter>
    </ClCompile>
    <ClCompile Include="CubeShadowMap.cpp">
      <Filter>Source Files</Filter>
    </ClCompile>
    <ClCompile Include="DirectionalLight.cpp">
      <Filter>Source Files</Filter>
    </ClCompile>
    <ClCompile Include="dllmain.cpp">
      <Filter>Source Files</Filter>
    </ClCompile>
    <ClCompile Include="MappedValues.cpp">
      <Filter>Source Files</Filter>
    </ClCompile>
    <ClCompile Include="Material.cpp">
      <Filter>Source Files</Filter>
    </ClCompile>
    <ClCompile Include="Mesh.cpp">
      <Filter>Source Files</Filter>
    </ClCompile>
    <ClCompile Include="PointLight.cpp">
      <Filter>Source Files</Filter>
    </ClCompile>
    <ClCompile Include="Renderer.cpp">
      <Filter>Source Files</Filter>
    </ClCompile>
    <ClCompile Include="Rendering.cpp">
      <Filter>Source Files</Filter>
    </ClCompile>
    <ClCompile Include="Resource.cpp">
      <Filter>Source Files</Filter>
    </ClCompile>
    <ClCompile Include="Shader.cpp">
      <Filter>Source Files</Filter>
    </ClCompile>
    <ClCompile Include="ShadowInfo.cpp">
      <Filter>Source Files</Filter>
    </ClCompile>
    <ClCompile Include="SpotLight.cpp">
      <Filter>Source Files</Filter>
    </ClCompile>
    <ClCompile Include="stb_image.cpp">
      <Filter>Source Files</Filter>
    </ClCompile>
    <ClCompile Include="stdafx.cpp">
      <Filter>Source Files</Filter>
    </ClCompile>
    <ClCompile Include="Texture.cpp">
      <Filter>Source Files</Filter>
    </ClCompile>
    <ClCompile Include="Font.cpp">
      <Filter>Source Files</Filter>
    </ClCompile>
    <ClCompile Include="Particle.cpp">
      <Filter>Source Files</Filter>
    </ClCompile>
    <ClCompile Include="GuiControl.cpp">
      <Filter>Source Files</Filter>
    </ClCompile>
    <ClCompile Include="Word.cpp">
      <Filter>Source Files</Filter>
    </ClCompile>
    <ClCompile Include="Line.cpp">
      <Filter>Source Files</Filter>
    </ClCompile>
    <ClCompile Include="GuiCheckBoxControl.cpp">
      <Filter>Source Files</Filter>
    </ClCompile>
    <ClCompile Include="GuiButtonControl.cpp">
      <Filter>Source Files</Filter>
    </ClCompile>
    <ClCompile Include="FontFactory.cpp">
      <Filter>Source Files</Filter>
    </ClCompile>
    <ClCompile Include="Color.cpp">
      <Filter>Source Files</Filter>
    </ClCompile>
    <ClCompile Include="BaseCamera.cpp">
      <Filter>Source Files</Filter>
    </ClCompile>
    <ClCompile Include="FogInfo.cpp">
      <Filter>Source Files</Filter>
    </ClCompile>
    <ClCompile Include="Uniform.cpp">
      <Filter>Source Files</Filter>
    </ClCompile>
    <ClCompile Include="ParticlesUpdater.cpp">
      <Filter>Source Files</Filter>
    </ClCompile>
    <ClCompile Include="ParticlesContainer.cpp">
      <Filter>Source Files</Filter>
    </ClCompile>
    <ClCompile Include="ParticlesEmitter.cpp">
      <Filter>Source Files</Filter>
    </ClCompile>
    <ClCompile Include="ParticlesSystem.cpp">
      <Filter>Source Files</Filter>
    </ClCompile>
    <ClCompile Include="ParticleAttributeGenerator.cpp">
      <Filter>Source Files</Filter>
    </ClCompile>
    <ClCompile Include="TextureFactory.cpp">
      <Filter>Source Files</Filter>
    </ClCompile>
  </ItemGroup>
  <ItemGroup>
    <ClInclude Include="AntTweakBarTypes.h">
      <Filter>Header Files</Filter>
    </ClInclude>
    <ClInclude Include="Attenuation.h">
      <Filter>Header Files</Filter>
    </ClInclude>
    <ClInclude Include="BaseLight.h">
      <Filter>Header Files</Filter>
    </ClInclude>
    <ClInclude Include="Camera.h">
      <Filter>Header Files</Filter>
    </ClInclude>
    <ClInclude Include="Color.h">
      <Filter>Header Files</Filter>
    </ClInclude>
    <ClInclude Include="CubeShadowMap.h">
      <Filter>Header Files</Filter>
    </ClInclude>
    <ClInclude Include="DirectionalLight.h">
      <Filter>Header Files</Filter>
    </ClInclude>
    <ClInclude Include="MappedValues.h">
      <Filter>Header Files</Filter>
    </ClInclude>
    <ClInclude Include="Material.h">
      <Filter>Header Files</Filter>
    </ClInclude>
    <ClInclude Include="Mesh.h">
      <Filter>Header Files</Filter>
    </ClInclude>
    <ClInclude Include="PointLight.h">
      <Filter>Header Files</Filter>
    </ClInclude>
    <ClInclude Include="Renderer.h">
      <Filter>Header Files</Filter>
    </ClInclude>
    <ClInclude Include="Rendering.h">
      <Filter>Header Files</Filter>
    </ClInclude>
    <ClInclude Include="Resource.h">
      <Filter>Header Files</Filter>
    </ClInclude>
    <ClInclude Include="Shader.h">
      <Filter>Header Files</Filter>
    </ClInclude>
    <ClInclude Include="ShadowInfo.h">
      <Filter>Header Files</Filter>
    </ClInclude>
    <ClInclude Include="SpotLight.h">
      <Filter>Header Files</Filter>
    </ClInclude>
    <ClInclude Include="stb_image.h">
      <Filter>Header Files</Filter>
    </ClInclude>
    <ClInclude Include="stdafx.h">
      <Filter>Header Files</Filter>
    </ClInclude>
    <ClInclude Include="Texture.h">
      <Filter>Header Files</Filter>
    </ClInclude>
    <ClInclude Include="Character.h">
      <Filter>Header Files</Filter>
    </ClInclude>
    <ClInclude Include="Font.h">
      <Filter>Header Files</Filter>
    </ClInclude>
    <ClInclude Include="Particle.h">
      <Filter>Header Files</Filter>
    </ClInclude>
    <ClInclude Include="GuiControl.h">
      <Filter>Header Files</Filter>
    </ClInclude>
    <ClInclude Include="Word.h">
      <Filter>Header Files</Filter>
    </ClInclude>
    <ClInclude Include="Line.h">
      <Filter>Header Files</Filter>
    </ClInclude>
    <ClInclude Include="GuiCheckBoxControl.h">
      <Filter>Header Files</Filter>
    </ClInclude>
    <ClInclude Include="GuiButtonControl.h">
      <Filter>Header Files</Filter>
    </ClInclude>
    <ClInclude Include="FontFactory.h">
      <Filter>Header Files</Filter>
    </ClInclude>
    <ClInclude Include="BaseCamera.h">
      <Filter>Header Files</Filter>
    </ClInclude>
    <ClInclude Include="FogInfo.h">
      <Filter>Header Files</Filter>
    </ClInclude>
    <ClInclude Include="Uniform.h">
      <Filter>Header Files</Filter>
    </ClInclude>
    <ClInclude Include="ParticlesUpdater.h">
      <Filter>Header Files</Filter>
    </ClInclude>
    <ClInclude Include="ParticlesContainer.h">
      <Filter>Header Files</Filter>
    </ClInclude>
    <ClInclude Include="ParticleAttributes.h">
      <Filter>Header Files</Filter>
    </ClInclude>
    <ClInclude Include="ParticlesEmitter.h">
      <Filter>Header Files</Filter>
    </ClInclude>
    <ClInclude Include="ParticlesSystem.h">
      <Filter>Header Files</Filter>
    </ClInclude>
    <ClInclude Include="ParticleAttributeGenerator.h">
      <Filter>Header Files</Filter>
    </ClInclude>
    <ClInclude Include="TextureFactory.h">
      <Filter>Header Files</Filter>
    </ClInclude>
    <ClInclude Include="TextureIDs.h">
      <Filter>Header Files</Filter>
    </ClInclude>
  </ItemGroup>
  <ItemGroup>
    <None Include="ReadMe.txt" />
    <None Include="..\Shaders\basicShader.glsl">
      <Filter>Shaders</Filter>
    </None>
    <None Include="..\Shaders\billboarding.glsl">
      <Filter>Shaders</Filter>
    </None>
    <None Include="..\Shaders\common.glh">
      <Filter>Shaders</Filter>
    </None>
    <None Include="..\Shaders\filter.vsh">
      <Filter>Shaders</Filter>
    </None>
    <None Include="..\Shaders\filter-fxaa.glsl">
      <Filter>Shaders</Filter>
    </None>
    <None Include="..\Shaders\filter-gaussBlur7x1.glsl">
      <Filter>Shaders</Filter>
    </None>
    <None Include="..\Shaders\filter-null.glsl">
      <Filter>Shaders</Filter>
    </None>
    <None Include="..\Shaders\forward-ambient.glsl">
      <Filter>Shaders</Filter>
    </None>
    <None Include="..\Shaders\forward-ambient-fog-enabled.glsl">
      <Filter>Shaders</Filter>
    </None>
    <None Include="..\Shaders\forward-directional.glsl">
      <Filter>Shaders</Filter>
    </None>
    <None Include="..\Shaders\forwardlighting.glh">
      <Filter>Shaders</Filter>
    </None>
    <None Include="..\Shaders\forwardlighting.vsh">
      <Filter>Shaders</Filter>
    </None>
    <None Include="..\Shaders\forward-spot.glsl">
      <Filter>Shaders</Filter>
    </None>
    <None Include="..\Shaders\forward-point.glsl">
      <Filter>Shaders</Filter>
    </None>
    <None Include="..\Shaders\Lighting.glh">
      <Filter>Shaders</Filter>
    </None>
    <None Include="..\Shaders\lightingMain.fsh">
      <Filter>Shaders</Filter>
    </None>
    <None Include="..\Shaders\nullShader.glsl">
      <Filter>Shaders</Filter>
    </None>
    <None Include="..\Shaders\PhongFragmentShader.fshader">
      <Filter>Shaders</Filter>
    </None>
    <None Include="..\Shaders\PhongVertexShader.vshader">
      <Filter>Shaders</Filter>
    </None>
    <None Include="..\Shaders\Sampling.glh">
      <Filter>Shaders</Filter>
    </None>
    <None Include="..\Shaders\shadowMapGenerator.glsl">
      <Filter>Shaders</Filter>
    </None>
    <None Include="..\Shaders\skybox-shader.glsl">
      <Filter>Shaders</Filter>
    </None>
    <None Include="..\Shaders\text-shader.glsl">
      <Filter>Shaders</Filter>
    </None>
  </ItemGroup>
  <ItemGroup>
    <Filter Include="Header Files">
      <UniqueIdentifier>{4eebbd51-9388-449e-983a-c6924ad1c296}</UniqueIdentifier>
      <Extensions>h;hh;hpp;hxx;hm;inl;inc;xsd</Extensions>
    </Filter>
    <Filter Include="Source Files">
      <UniqueIdentifier>{28211159-0946-4f2d-a099-f414a9599c3a}</UniqueIdentifier>
      <Extensions>cpp;c;cc;cxx;def;odl;idl;hpj;bat;asm;asmx</Extensions>
    </Filter>
    <Filter Include="Shaders">
      <UniqueIdentifier>{4f34923f-6805-414d-8c62-724defd1ef1c}</UniqueIdentifier>
      <Extensions>glsl;glh;vsh;fsh;vshader;fshader</Extensions>
    </Filter>
  </ItemGroup>
</Project>