<?xml version="1.0" encoding="utf-8"?>
<Project ToolsVersion="4.0" xmlns="http://schemas.microsoft.com/developer/msbuild/2003">
  <ItemGroup>
    <ClCompile Include="AntTweakBarTypes.cpp">
      <Filter>Source Files</Filter>
    </ClCompile>
    <ClCompile Include="BaseLight.cpp">
      <Filter>Source Files</Filter>
    </ClCompile>
    <ClCompile Include="Camera.cpp">
      <Filter>Source Files</Filter>
    </ClCompile>
    <ClCompile Include="CubeShadowMap.cpp">
      <Filter>Source Files</Filter>
    </ClCompile>
    <ClCompile Include="DirectionalLight.cpp">
      <Filter>Source Files</Filter>
    </ClCompile>
    <ClCompile Include="dllmain.cpp">
      <Filter>Source Files</Filter>
    </ClCompile>
    <ClCompile Include="GameCommand.cpp">
      <Filter>Source Files</Filter>
    </ClCompile>
    <ClCompile Include="GameComponent.cpp">
      <Filter>Source Files</Filter>
    </ClCompile>
    <ClCompile Include="GameManager.cpp">
      <Filter>Source Files</Filter>
    </ClCompile>
    <ClCompile Include="GameNode.cpp">
      <Filter>Source Files</Filter>
    </ClCompile>
    <ClCompile Include="GameStateManager.cpp">
      <Filter>Source Files</Filter>
    </ClCompile>
    <ClCompile Include="IInputableKeyboard.cpp">
      <Filter>Source Files</Filter>
    </ClCompile>
    <ClCompile Include="IInputableMouse.cpp">
      <Filter>Source Files</Filter>
    </ClCompile>
    <ClCompile Include="Input.cpp">
      <Filter>Source Files</Filter>
    </ClCompile>
    <ClCompile Include="LightBuilder.cpp">
      <Filter>Source Files</Filter>
    </ClCompile>
    <ClCompile Include="LightBuilderDirector.cpp">
      <Filter>Source Files</Filter>
    </ClCompile>
    <ClCompile Include="LookAtComponent.cpp">
      <Filter>Source Files</Filter>
    </ClCompile>
    <ClCompile Include="MappedValues.cpp">
      <Filter>Source Files</Filter>
    </ClCompile>
    <ClCompile Include="Material.cpp">
      <Filter>Source Files</Filter>
    </ClCompile>
    <ClCompile Include="MenuEntry.cpp">
      <Filter>Source Files</Filter>
    </ClCompile>
    <ClCompile Include="Mesh.cpp">
      <Filter>Source Files</Filter>
    </ClCompile>
    <ClCompile Include="MeshRenderer.cpp">
      <Filter>Source Files</Filter>
    </ClCompile>
    <ClCompile Include="PointLight.cpp">
      <Filter>Source Files</Filter>
    </ClCompile>
    <ClCompile Include="Renderer.cpp">
      <Filter>Source Files</Filter>
    </ClCompile>
    <ClCompile Include="Rendering.cpp">
      <Filter>Source Files</Filter>
    </ClCompile>
    <ClCompile Include="Resource.cpp">
      <Filter>Source Files</Filter>
    </ClCompile>
    <ClCompile Include="Shader.cpp">
      <Filter>Source Files</Filter>
    </ClCompile>
    <ClCompile Include="ShadowInfo.cpp">
      <Filter>Source Files</Filter>
    </ClCompile>
    <ClCompile Include="SpotLight.cpp">
      <Filter>Source Files</Filter>
    </ClCompile>
    <ClCompile Include="stb_image.cpp">
      <Filter>Source Files</Filter>
    </ClCompile>
    <ClCompile Include="stdafx.cpp">
      <Filter>Source Files</Filter>
    </ClCompile>
    <ClCompile Include="TextRenderer.cpp">
      <Filter>Source Files</Filter>
    </ClCompile>
    <ClCompile Include="Texture.cpp">
      <Filter>Source Files</Filter>
    </ClCompile>
    <ClCompile Include="tinythread.cpp">
      <Filter>Source Files</Filter>
    </ClCompile>
    <ClCompile Include="Transform.cpp">
      <Filter>Source Files</Filter>
    </ClCompile>
    <ClCompile Include="Vertex.cpp">
      <Filter>Source Files</Filter>
    </ClCompile>
    <ClCompile Include="CoreEngine.cpp">
      <Filter>Source Files</Filter>
    </ClCompile>
    <ClCompile Include="QuitGameCommand.cpp">
      <Filter>Source Files</Filter>
    </ClCompile>
    <ClCompile Include="MeshGroupRenderer.cpp">
      <Filter>Source Files</Filter>
    </ClCompile>
    <ClCompile Include="MoveComponent.cpp">
      <Filter>Source Files</Filter>
    </ClCompile>
  </ItemGroup>
  <ItemGroup>
    <ClInclude Include="AntTweakBarTypes.h">
      <Filter>Header Files</Filter>
    </ClInclude>
    <ClInclude Include="Attenuation.h">
      <Filter>Header Files</Filter>
    </ClInclude>
    <ClInclude Include="BaseLight.h">
      <Filter>Header Files</Filter>
    </ClInclude>
    <ClInclude Include="Camera.h">
      <Filter>Header Files</Filter>
    </ClInclude>
    <ClInclude Include="Color.h">
      <Filter>Header Files</Filter>
    </ClInclude>
    <ClInclude Include="CubeShadowMap.h">
      <Filter>Header Files</Filter>
    </ClInclude>
    <ClInclude Include="DirectionalLight.h">
      <Filter>Header Files</Filter>
    </ClInclude>
    <ClInclude Include="GameCommand.h">
      <Filter>Header Files</Filter>
    </ClInclude>
    <ClInclude Include="GameComponent.h">
      <Filter>Header Files</Filter>
    </ClInclude>
    <ClInclude Include="GameManager.h">
      <Filter>Header Files</Filter>
    </ClInclude>
    <ClInclude Include="GameNode.h">
      <Filter>Header Files</Filter>
    </ClInclude>
    <ClInclude Include="GameState.h">
      <Filter>Header Files</Filter>
    </ClInclude>
    <ClInclude Include="GameStateManager.h">
      <Filter>Header Files</Filter>
    </ClInclude>
    <ClInclude Include="IInputable.h">
      <Filter>Header Files</Filter>
    </ClInclude>
    <ClInclude Include="IInputableKeyboard.h">
      <Filter>Header Files</Filter>
    </ClInclude>
    <ClInclude Include="IInputableMouse.h">
      <Filter>Header Files</Filter>
    </ClInclude>
    <ClInclude Include="Input.h">
      <Filter>Header Files</Filter>
    </ClInclude>
    <ClInclude Include="IRenderable.h">
      <Filter>Header Files</Filter>
    </ClInclude>
    <ClInclude Include="IUpdateable.h">
      <Filter>Header Files</Filter>
    </ClInclude>
    <ClInclude Include="LightBuilder.h">
      <Filter>Header Files</Filter>
    </ClInclude>
    <ClInclude Include="LightBuilderDirector.h">
      <Filter>Header Files</Filter>
    </ClInclude>
    <ClInclude Include="LookAtComponent.h">
      <Filter>Header Files</Filter>
    </ClInclude>
    <ClInclude Include="MappedValues.h">
      <Filter>Header Files</Filter>
    </ClInclude>
    <ClInclude Include="Material.h">
      <Filter>Header Files</Filter>
    </ClInclude>
    <ClInclude Include="MenuEntry.h">
      <Filter>Header Files</Filter>
    </ClInclude>
    <ClInclude Include="Mesh.h">
      <Filter>Header Files</Filter>
    </ClInclude>
    <ClInclude Include="MeshRenderer.h">
      <Filter>Header Files</Filter>
    </ClInclude>
    <ClInclude Include="PointLight.h">
      <Filter>Header Files</Filter>
    </ClInclude>
    <ClInclude Include="Renderer.h">
      <Filter>Header Files</Filter>
    </ClInclude>
    <ClInclude Include="Rendering.h">
      <Filter>Header Files</Filter>
    </ClInclude>
    <ClInclude Include="Resource.h">
      <Filter>Header Files</Filter>
    </ClInclude>
    <ClInclude Include="Shader.h">
      <Filter>Header Files</Filter>
    </ClInclude>
    <ClInclude Include="ShadowInfo.h">
      <Filter>Header Files</Filter>
    </ClInclude>
    <ClInclude Include="SpotLight.h">
      <Filter>Header Files</Filter>
    </ClInclude>
    <ClInclude Include="stb_image.h">
      <Filter>Header Files</Filter>
    </ClInclude>
    <ClInclude Include="stdafx.h">
      <Filter>Header Files</Filter>
    </ClInclude>
    <ClInclude Include="TextRenderer.h">
      <Filter>Header Files</Filter>
    </ClInclude>
    <ClInclude Include="Texture.h">
      <Filter>Header Files</Filter>
    </ClInclude>
    <ClInclude Include="tinythread.h">
      <Filter>Header Files</Filter>
    </ClInclude>
    <ClInclude Include="Transform.h">
      <Filter>Header Files</Filter>
    </ClInclude>
    <ClInclude Include="Vertex.h">
      <Filter>Header Files</Filter>
    </ClInclude>
    <ClInclude Include="CoreEngine.h">
      <Filter>Header Files</Filter>
    </ClInclude>
    <ClInclude Include="QuitGameCommand.h">
      <Filter>Header Files</Filter>
    </ClInclude>
    <ClInclude Include="MeshGroupRenderer.h">
      <Filter>Header Files</Filter>
    </ClInclude>
    <ClInclude Include="MoveComponent.h">
      <Filter>Header Files</Filter>
    </ClInclude>
  </ItemGroup>
  <ItemGroup>
    <None Include="ReadMe.txt" />
    <None Include="..\Shaders\basicShader.glsl">
      <Filter>Shaders</Filter>
    </None>
    <None Include="..\Shaders\billboarding.glsl">
      <Filter>Shaders</Filter>
    </None>
    <None Include="..\Shaders\common.glh">
      <Filter>Shaders</Filter>
    </None>
    <None Include="..\Shaders\filter.vsh">
      <Filter>Shaders</Filter>
    </None>
    <None Include="..\Shaders\filter-fxaa.glsl">
      <Filter>Shaders</Filter>
    </None>
    <None Include="..\Shaders\filter-gaussBlur7x1.glsl">
      <Filter>Shaders</Filter>
    </None>
    <None Include="..\Shaders\filter-null.glsl">
      <Filter>Shaders</Filter>
    </None>
    <None Include="..\Shaders\forward-ambient.glsl">
      <Filter>Shaders</Filter>
    </None>
    <None Include="..\Shaders\forward-ambient-fog-enabled.glsl">
      <Filter>Shaders</Filter>
    </None>
    <None Include="..\Shaders\forward-directional.glsl">
      <Filter>Shaders</Filter>
    </None>
    <None Include="..\Shaders\forwardlighting.glh">
      <Filter>Shaders</Filter>
    </None>
    <None Include="..\Shaders\forwardlighting.vsh">
      <Filter>Shaders</Filter>
    </None>
    <None Include="..\Shaders\forward-spot.glsl">
      <Filter>Shaders</Filter>
    </None>
    <None Include="..\Shaders\forward-point.glsl">
      <Filter>Shaders</Filter>
    </None>
    <None Include="..\Shaders\Lighting.glh">
      <Filter>Shaders</Filter>
    </None>
    <None Include="..\Shaders\lightingMain.fsh">
      <Filter>Shaders</Filter>
    </None>
    <None Include="..\Shaders\nullShader.glsl">
      <Filter>Shaders</Filter>
    </None>
    <None Include="..\Shaders\PhongFragmentShader.fshader">
      <Filter>Shaders</Filter>
    </None>
    <None Include="..\Shaders\PhongVertexShader.vshader">
      <Filter>Shaders</Filter>
    </None>
    <None Include="..\Shaders\Sampling.glh">
      <Filter>Shaders</Filter>
    </None>
    <None Include="..\Shaders\shadowMapGenerator.glsl">
      <Filter>Shaders</Filter>
    </None>
    <None Include="..\Shaders\skybox-shader.glsl">
      <Filter>Shaders</Filter>
    </None>
    <None Include="..\Shaders\text-shader.glsl">
      <Filter>Shaders</Filter>
    </None>
  </ItemGroup>
  <ItemGroup>
    <Filter Include="Header Files">
      <UniqueIdentifier>{4eebbd51-9388-449e-983a-c6924ad1c296}</UniqueIdentifier>
      <Extensions>h;hh;hpp;hxx;hm;inl;inc;xsd</Extensions>
    </Filter>
    <Filter Include="Source Files">
      <UniqueIdentifier>{28211159-0946-4f2d-a099-f414a9599c3a}</UniqueIdentifier>
      <Extensions>cpp;c;cc;cxx;def;odl;idl;hpj;bat;asm;asmx</Extensions>
    </Filter>
    <Filter Include="Shaders">
      <UniqueIdentifier>{4f34923f-6805-414d-8c62-724defd1ef1c}</UniqueIdentifier>
      <Extensions>glsl;glh;vsh;fsh;vshader;fshader</Extensions>
    </Filter>
  </ItemGroup>
</Project>