<?xml version="1.0" encoding="utf-8"?>
<Project ToolsVersion="4.0" xmlns="http://schemas.microsoft.com/developer/msbuild/2003">
  <ItemGroup>
    <ClCompile Include="MathTest.cpp">
      <Filter>Source Files</Filter>
    </ClCompile>
    <ClCompile Include="MatrixTestGroup.cpp">
      <Filter>Source Files</Filter>
    </ClCompile>
    <ClCompile Include="QuaternionTestGroup.cpp">
      <Filter>Source Files</Filter>
    </ClCompile>
    <ClCompile Include="StatsTest.cpp">
      <Filter>Source Files</Filter>
    </ClCompile>
    <ClCompile Include="VectorTestGroup.cpp">
      <Filter>Source Files</Filter>
    </ClCompile>
    <ClCompile Include="Test.cpp">
      <Filter>Source Files</Filter>
    </ClCompile>
    <ClCompile Include="AngleTestGroup.cpp">
      <Filter>Source Files</Filter>
    </ClCompile>
    <ClCompile Include="TransformTestGroup.cpp">
      <Filter>Source Files</Filter>
    </ClCompile>
  </ItemGroup>
  <ItemGroup>
    <ClInclude Include="MatrixTestGroup.h">
      <Filter>Header Files</Filter>
    </ClInclude>
    <ClInclude Include="QuaternionTestGroup.h">
      <Filter>Header Files</Filter>
    </ClInclude>
    <ClInclude Include="StatsTest.h">
      <Filter>Header Files</Filter>
    </ClInclude>
    <ClInclude Include="StatsTesting.h">
      <Filter>Header Files</Filter>
    </ClInclude>
    <ClInclude Include="Test.h">
      <Filter>Header Files</Filter>
    </ClInclude>
    <ClInclude Include="VectorTestGroup.h">
      <Filter>Header Files</Filter>
    </ClInclude>
    <ClInclude Include="AngleTestGroup.h">
      <Filter>Header Files</Filter>
    </ClInclude>
    <ClInclude Include="Def.h">
      <Filter>Header Files</Filter>
    </ClInclude>
    <ClInclude Include="TransformTestGroup.h">
      <Filter>Header Files</Filter>
    </ClInclude>
  </ItemGroup>
  <ItemGroup>
    <Filter Include="Header Files">
      <UniqueIdentifier>{d85f7056-417d-4e09-b3b9-d517d9fd77aa}</UniqueIdentifier>
      <Extensions>h;hh;hpp;hxx;hm;inl;inc;xsd</Extensions>
    </Filter>
    <Filter Include="Source Files">
      <UniqueIdentifier>{9f5f82cc-c105-4501-99bb-673ed14b2a37}</UniqueIdentifier>
      <Extensions>cpp;c;cc;cxx;def;odl;idl;hpj;bat;asm;asmx</Extensions>
    </Filter>
  </ItemGroup>
</Project>